
Microsoft Visual Studio Solution File, Format Version 12.00
# Visual Studio 2015
Project("{FAE04EC0-301F-11D3-BF4B-00C04F79EFBC}") = "cs354r-final.CSharp", "cs354r-final.CSharp.csproj", "{92380725-F577-8399-3E64-EDD2A7FEB81B}"
EndProject
Global
	GlobalSection(SolutionConfigurationPlatforms) = preSolution
		Debug|Any CPU = Debug|Any CPU
		Release|Any CPU = Release|Any CPU
	EndGlobalSection
	GlobalSection(ProjectConfigurationPlatforms) = postSolution
		{92380725-F577-8399-3E64-EDD2A7FEB81B}.Debug|Any CPU.ActiveCfg = Debug|Any CPU
		{92380725-F577-8399-3E64-EDD2A7FEB81B}.Debug|Any CPU.Build.0 = Debug|Any CPU
		{92380725-F577-8399-3E64-EDD2A7FEB81B}.Release|Any CPU.ActiveCfg = Release|Any CPU
		{92380725-F577-8399-3E64-EDD2A7FEB81B}.Release|Any CPU.Build.0 = Release|Any CPU
	EndGlobalSection
	GlobalSection(SolutionProperties) = preSolution
		HideSolutionNode = FALSE
	EndGlobalSection
EndGlobal
